// !$*UTF8*$!
{
	archiveVersion = 1;
	classes = {
	};
	objectVersion = 77;
	objects = {

/* Begin PBXBuildFile section */
		DE42FFA32E6C0D8A006FB3A5 /* .gitignore in Resources */ = {isa = PBXBuildFile; fileRef = DE42FFA22E6C0D88006FB3A5 /* .gitignore */; };
		DE42FFC22E6C59E3006FB3A5 /* README.md in Resources */ = {isa = PBXBuildFile; fileRef = DE42FFC02E6C59DE006FB3A5 /* README.md */; };
/* End PBXBuildFile section */

/* Begin PBXContainerItemProxy section */
		DE42FF4D2E6BFF7E006FB3A5 /* PBXContainerItemProxy */ = {
			isa = PBXContainerItemProxy;
			containerPortal = DE42FF362E6BFF7D006FB3A5 /* Project object */;
			proxyType = 1;
			remoteGlobalIDString = DE42FF3D2E6BFF7D006FB3A5;
			remoteInfo = Boardy;
		};
		DE42FF572E6BFF7E006FB3A5 /* PBXContainerItemProxy */ = {
			isa = PBXContainerItemProxy;
			containerPortal = DE42FF362E6BFF7D006FB3A5 /* Project object */;
			proxyType = 1;
			remoteGlobalIDString = DE42FF3D2E6BFF7D006FB3A5;
			remoteInfo = Boardy;
		};
/* End PBXContainerItemProxy section */

/* Begin PBXFileReference section */
		DE42FF3E2E6BFF7D006FB3A5 /* Boardy.app */ = {isa = PBXFileReference; explicitFileType = wrapper.application; includeInIndex = 0; path = Boardy.app; sourceTree = BUILT_PRODUCTS_DIR; };
		DE42FF4C2E6BFF7E006FB3A5 /* BoardyTests.xctest */ = {isa = PBXFileReference; explicitFileType = wrapper.cfbundle; includeInIndex = 0; path = BoardyTests.xctest; sourceTree = BUILT_PRODUCTS_DIR; };
		DE42FF562E6BFF7E006FB3A5 /* BoardyUITests.xctest */ = {isa = PBXFileReference; explicitFileType = wrapper.cfbundle; includeInIndex = 0; path = BoardyUITests.xctest; sourceTree = BUILT_PRODUCTS_DIR; };
		DE42FFA22E6C0D88006FB3A5 /* .gitignore */ = {isa = PBXFileReference; lastKnownFileType = text; path = .gitignore; sourceTree = "<group>"; };
		DE42FFC02E6C59DE006FB3A5 /* README.md */ = {isa = PBXFileReference; lastKnownFileType = net.daringfireball.markdown; path = README.md; sourceTree = "<group>"; };
/* End PBXFileReference section */

/* Begin PBXFileSystemSynchronizedRootGroup section */
		DE42FF402E6BFF7D006FB3A5 /* Boardy */ = {
			isa = PBXFileSystemSynchronizedRootGroup;
			path = Boardy;
			sourceTree = "<group>";
		};
		DE42FF4F2E6BFF7E006FB3A5 /* BoardyTests */ = {
			isa = PBXFileSystemSynchronizedRootGroup;
			path = BoardyTests;
			sourceTree = "<group>";
		};
		DE42FF592E6BFF7E006FB3A5 /* BoardyUITests */ = {
			isa = PBXFileSystemSynchronizedRootGroup;
			path = BoardyUITests;
			sourceTree = "<group>";
		};
/* End PBXFileSystemSynchronizedRootGroup section */

/* Begin PBXFrameworksBuildPhase section */
		DE42FF3B2E6BFF7D006FB3A5 /* Frameworks */ = {
			isa = PBXFrameworksBuildPhase;
			buildActionMask = 2147483647;
			files = (
			);
			runOnlyForDeploymentPostprocessing = 0;
		};
		DE42FF492E6BFF7E006FB3A5 /* Frameworks */ = {
			isa = PBXFrameworksBuildPhase;
			buildActionMask = 2147483647;
			files = (
			);
			runOnlyForDeploymentPostprocessing = 0;
		};
		DE42FF532E6BFF7E006FB3A5 /* Frameworks */ = {
			isa = PBXFrameworksBuildPhase;
			buildActionMask = 2147483647;
			files = (
			);
			runOnlyForDeploymentPostprocessing = 0;
		};
/* End PBXFrameworksBuildPhase section */

/* Begin PBXGroup section */
		DE42FF352E6BFF7D006FB3A5 = {
			isa = PBXGroup;
			children = (
				DE42FF402E6BFF7D006FB3A5 /* Boardy */,
				DE42FF4F2E6BFF7E006FB3A5 /* BoardyTests */,
				DE42FF592E6BFF7E006FB3A5 /* BoardyUITests */,
				DE42FF3F2E6BFF7D006FB3A5 /* Products */,
				DE42FFA22E6C0D88006FB3A5 /* .gitignore */,
				DE42FFC02E6C59DE006FB3A5 /* README.md */,
			);
			sourceTree = "<group>";
		};
		DE42FF3F2E6BFF7D006FB3A5 /* Products */ = {
			isa = PBXGroup;
			children = (
				DE42FF3E2E6BFF7D006FB3A5 /* Boardy.app */,
				DE42FF4C2E6BFF7E006FB3A5 /* BoardyTests.xctest */,
				DE42FF562E6BFF7E006FB3A5 /* BoardyUITests.xctest */,
			);
			name = Products;
			sourceTree = "<group>";
		};
/* End PBXGroup section */

/* Begin PBXNativeTarget section */
		DE42FF3D2E6BFF7D006FB3A5 /* Boardy */ = {
			isa = PBXNativeTarget;
			buildConfigurationList = DE42FF602E6BFF7E006FB3A5 /* Build configuration list for PBXNativeTarget "Boardy" */;
			buildPhases = (
				DE42FF3A2E6BFF7D006FB3A5 /* Sources */,
				DE42FF3B2E6BFF7D006FB3A5 /* Frameworks */,
				DE42FF3C2E6BFF7D006FB3A5 /* Resources */,
			);
			buildRules = (
			);
			dependencies = (
			);
			fileSystemSynchronizedGroups = (
				DE42FF402E6BFF7D006FB3A5 /* Boardy */,
			);
			name = Boardy;
			packageProductDependencies = (
			);
			productName = Boardy;
			productReference = DE42FF3E2E6BFF7D006FB3A5 /* Boardy.app */;
			productType = "com.apple.product-type.application";
		};
		DE42FF4B2E6BFF7E006FB3A5 /* BoardyTests */ = {
			isa = PBXNativeTarget;
			buildConfigurationList = DE42FF632E6BFF7E006FB3A5 /* Build configuration list for PBXNativeTarget "BoardyTests" */;
			buildPhases = (
				DE42FF482E6BFF7E006FB3A5 /* Sources */,
				DE42FF492E6BFF7E006FB3A5 /* Frameworks */,
				DE42FF4A2E6BFF7E006FB3A5 /* Resources */,
			);
			buildRules = (
			);
			dependencies = (
				DE42FF4E2E6BFF7E006FB3A5 /* PBXTargetDependency */,
			);
			fileSystemSynchronizedGroups = (
				DE42FF4F2E6BFF7E006FB3A5 /* BoardyTests */,
			);
			name = BoardyTests;
			packageProductDependencies = (
			);
			productName = BoardyTests;
			productReference = DE42FF4C2E6BFF7E006FB3A5 /* BoardyTests.xctest */;
			productType = "com.apple.product-type.bundle.unit-test";
		};
		DE42FF552E6BFF7E006FB3A5 /* BoardyUITests */ = {
			isa = PBXNativeTarget;
			buildConfigurationList = DE42FF662E6BFF7E006FB3A5 /* Build configuration list for PBXNativeTarget "BoardyUITests" */;
			buildPhases = (
				DE42FF522E6BFF7E006FB3A5 /* Sources */,
				DE42FF532E6BFF7E006FB3A5 /* Frameworks */,
				DE42FF542E6BFF7E006FB3A5 /* Resources */,
			);
			buildRules = (
			);
			dependencies = (
				DE42FF582E6BFF7E006FB3A5 /* PBXTargetDependency */,
			);
			fileSystemSynchronizedGroups = (
				DE42FF592E6BFF7E006FB3A5 /* BoardyUITests */,
			);
			name = BoardyUITests;
			packageProductDependencies = (
			);
			productName = BoardyUITests;
			productReference = DE42FF562E6BFF7E006FB3A5 /* BoardyUITests.xctest */;
			productType = "com.apple.product-type.bundle.ui-testing";
		};
/* End PBXNativeTarget section */

/* Begin PBXProject section */
		DE42FF362E6BFF7D006FB3A5 /* Project object */ = {
			isa = PBXProject;
			attributes = {
				BuildIndependentTargetsInParallel = 1;
				LastSwiftUpdateCheck = 1640;
				LastUpgradeCheck = 1640;
				TargetAttributes = {
					DE42FF3D2E6BFF7D006FB3A5 = {
						CreatedOnToolsVersion = 16.4;
					};
					DE42FF4B2E6BFF7E006FB3A5 = {
						CreatedOnToolsVersion = 16.4;
						TestTargetID = DE42FF3D2E6BFF7D006FB3A5;
					};
					DE42FF552E6BFF7E006FB3A5 = {
						CreatedOnToolsVersion = 16.4;
						TestTargetID = DE42FF3D2E6BFF7D006FB3A5;
					};
				};
			};
			buildConfigurationList = DE42FF392E6BFF7D006FB3A5 /* Build configuration list for PBXProject "Boardy" */;
			developmentRegion = en;
			hasScannedForEncodings = 0;
			knownRegions = (
				en,
				Base,
			);
			mainGroup = DE42FF352E6BFF7D006FB3A5;
			minimizedProjectReferenceProxies = 1;
			preferredProjectObjectVersion = 77;
			productRefGroup = DE42FF3F2E6BFF7D006FB3A5 /* Products */;
			projectDirPath = "";
			projectRoot = "";
			targets = (
				DE42FF3D2E6BFF7D006FB3A5 /* Boardy */,
				DE42FF4B2E6BFF7E006FB3A5 /* BoardyTests */,
				DE42FF552E6BFF7E006FB3A5 /* BoardyUITests */,
			);
		};
/* End PBXProject section */

/* Begin PBXResourcesBuildPhase section */
		DE42FF3C2E6BFF7D006FB3A5 /* Resources */ = {
			isa = PBXResourcesBuildPhase;
			buildActionMask = 2147483647;
			files = (
				DE42FFC22E6C59E3006FB3A5 /* README.md in Resources */,
				DE42FFA32E6C0D8A006FB3A5 /* .gitignore in Resources */,
			);
			runOnlyForDeploymentPostprocessing = 0;
		};
		DE42FF4A2E6BFF7E006FB3A5 /* Resources */ = {
			isa = PBXResourcesBuildPhase;
			buildActionMask = 2147483647;
			files = (
			);
			runOnlyForDeploymentPostprocessing = 0;
		};
		DE42FF542E6BFF7E006FB3A5 /* Resources */ = {
			isa = PBXResourcesBuildPhase;
			buildActionMask = 2147483647;
			files = (
			);
			runOnlyForDeploymentPostprocessing = 0;
		};
/* End PBXResourcesBuildPhase section */

/* Begin PBXSourcesBuildPhase section */
		DE42FF3A2E6BFF7D006FB3A5 /* Sources */ = {
			isa = PBXSourcesBuildPhase;
			buildActionMask = 2147483647;
			files = (
			);
			runOnlyForDeploymentPostprocessing = 0;
		};
		DE42FF482E6BFF7E006FB3A5 /* Sources */ = {
			isa = PBXSourcesBuildPhase;
			buildActionMask = 2147483647;
			files = (
			);
			runOnlyForDeploymentPostprocessing = 0;
		};
		DE42FF522E6BFF7E006FB3A5 /* Sources */ = {
			isa = PBXSourcesBuildPhase;
			buildActionMask = 2147483647;
			files = (
			);
			runOnlyForDeploymentPostprocessing = 0;
		};
/* End PBXSourcesBuildPhase section */

/* Begin PBXTargetDependency section */
		DE42FF4E2E6BFF7E006FB3A5 /* PBXTargetDependency */ = {
			isa = PBXTargetDependency;
			target = DE42FF3D2E6BFF7D006FB3A5 /* Boardy */;
			targetProxy = DE42FF4D2E6BFF7E006FB3A5 /* PBXContainerItemProxy */;
		};
		DE42FF582E6BFF7E006FB3A5 /* PBXTargetDependency */ = {
			isa = PBXTargetDependency;
			target = DE42FF3D2E6BFF7D006FB3A5 /* Boardy */;
			targetProxy = DE42FF572E6BFF7E006FB3A5 /* PBXContainerItemProxy */;
		};
/* End PBXTargetDependency section */

/* Begin XCBuildConfiguration section */
		DE42FF5E2E6BFF7E006FB3A5 /* Debug */ = {
			isa = XCBuildConfiguration;
			buildSettings = {
				ALWAYS_SEARCH_USER_PATHS = NO;
				ASSETCATALOG_COMPILER_GENERATE_SWIFT_ASSET_SYMBOL_EXTENSIONS = YES;
				CLANG_ANALYZER_NONNULL = YES;
				CLANG_ANALYZER_NUMBER_OBJECT_CONVERSION = YES_AGGRESSIVE;
				CLANG_CXX_LANGUAGE_STANDARD = "gnu++20";
				CLANG_ENABLE_MODULES = YES;
				CLANG_ENABLE_OBJC_ARC = YES;
				CLANG_ENABLE_OBJC_WEAK = YES;
				CLANG_WARN_BLOCK_CAPTURE_AUTORELEASING = YES;
				CLANG_WARN_BOOL_CONVERSION = YES;
				CLANG_WARN_COMMA = YES;
				CLANG_WARN_CONSTANT_CONVERSION = YES;
				CLANG_WARN_DEPRECATED_OBJC_IMPLEMENTATIONS = YES;
				CLANG_WARN_DIRECT_OBJC_ISA_USAGE = YES_ERROR;
				CLANG_WARN_DOCUMENTATION_COMMENTS = YES;
				CLANG_WARN_EMPTY_BODY = YES;
				CLANG_WARN_ENUM_CONVERSION = YES;
				CLANG_WARN_INFINITE_RECURSION = YES;
				CLANG_WARN_INT_CONVERSION = YES;
				CLANG_WARN_NON_LITERAL_NULL_CONVERSION = YES;
				CLANG_WARN_OBJC_IMPLICIT_RETAIN_SELF = YES;
				CLANG_WARN_OBJC_LITERAL_CONVERSION = YES;
				CLANG_WARN_OBJC_ROOT_CLASS = YES_ERROR;
				CLANG_WARN_QUOTED_INCLUDE_IN_FRAMEWORK_HEADER = YES;
				CLANG_WARN_RANGE_LOOP_ANALYSIS = YES;
				CLANG_WARN_STRICT_PROTOTYPES = YES;
				CLANG_WARN_SUSPICIOUS_MOVE = YES;
				CLANG_WARN_UNGUARDED_AVAILABILITY = YES_AGGRESSIVE;
				CLANG_WARN_UNREACHABLE_CODE = YES;
				CLANG_WARN__DUPLICATE_METHOD_MATCH = YES;
				COPY_PHASE_STRIP = NO;
				DEBUG_INFORMATION_FORMAT = dwarf;
				ENABLE_STRICT_OBJC_MSGSEND = YES;
				ENABLE_TESTABILITY = YES;
				ENABLE_USER_SCRIPT_SANDBOXING = YES;
				GCC_C_LANGUAGE_STANDARD = gnu17;
				GCC_DYNAMIC_NO_PIC = NO;
				GCC_NO_COMMON_BLOCKS = YES;
				GCC_OPTIMIZATION_LEVEL = 0;
				GCC_PREPROCESSOR_DEFINITIONS = (
					"DEBUG=1",
					"$(inherited)",
				);
				GCC_WARN_64_TO_32_BIT_CONVERSION = YES;
				GCC_WARN_ABOUT_RETURN_TYPE = YES_ERROR;
				GCC_WARN_UNDECLARED_SELECTOR = YES;
				GCC_WARN_UNINITIALIZED_AUTOS = YES_AGGRESSIVE;
				GCC_WARN_UNUSED_FUNCTION = YES;
				GCC_WARN_UNUSED_VARIABLE = YES;
				LOCALIZATION_PREFERS_STRING_CATALOGS = YES;
				MTL_ENABLE_DEBUG_INFO = INCLUDE_SOURCE;
				MTL_FAST_MATH = YES;
				ONLY_ACTIVE_ARCH = YES;
				SWIFT_ACTIVE_COMPILATION_CONDITIONS = "DEBUG $(inherited)";
				SWIFT_OPTIMIZATION_LEVEL = "-Onone";
			};
			name = Debug;
		};
		DE42FF5F2E6BFF7E006FB3A5 /* Release */ = {
			isa = XCBuildConfiguration;
			buildSettings = {
				ALWAYS_SEARCH_USER_PATHS = NO;
				ASSETCATALOG_COMPILER_GENERATE_SWIFT_ASSET_SYMBOL_EXTENSIONS = YES;
				CLANG_ANALYZER_NONNULL = YES;
				CLANG_ANALYZER_NUMBER_OBJECT_CONVERSION = YES_AGGRESSIVE;
				CLANG_CXX_LANGUAGE_STANDARD = "gnu++20";
				CLANG_ENABLE_MODULES = YES;
				CLANG_ENABLE_OBJC_ARC = YES;
				CLANG_ENABLE_OBJC_WEAK = YES;
				CLANG_WARN_BLOCK_CAPTURE_AUTORELEASING = YES;
				CLANG_WARN_BOOL_CONVERSION = YES;
				CLANG_WARN_COMMA = YES;
				CLANG_WARN_CONSTANT_CONVERSION = YES;
				CLANG_WARN_DEPRECATED_OBJC_IMPLEMENTATIONS = YES;
				CLANG_WARN_DIRECT_OBJC_ISA_USAGE = YES_ERROR;
				CLANG_WARN_DOCUMENTATION_COMMENTS = YES;
				CLANG_WARN_EMPTY_BODY = YES;
				CLANG_WARN_ENUM_CONVERSION = YES;
				CLANG_WARN_INFINITE_RECURSION = YES;
				CLANG_WARN_INT_CONVERSION = YES;
				CLANG_WARN_NON_LITERAL_NULL_CONVERSION = YES;
				CLANG_WARN_OBJC_IMPLICIT_RETAIN_SELF = YES;
				CLANG_WARN_OBJC_LITERAL_CONVERSION = YES;
				CLANG_WARN_OBJC_ROOT_CLASS = YES_ERROR;
				CLANG_WARN_QUOTED_INCLUDE_IN_FRAMEWORK_HEADER = YES;
				CLANG_WARN_RANGE_LOOP_ANALYSIS = YES;
				CLANG_WARN_STRICT_PROTOTYPES = YES;
				CLANG_WARN_SUSPICIOUS_MOVE = YES;
				CLANG_WARN_UNGUARDED_AVAILABILITY = YES_AGGRESSIVE;
				CLANG_WARN_UNREACHABLE_CODE = YES;
				CLANG_WARN__DUPLICATE_METHOD_MATCH = YES;
				COPY_PHASE_STRIP = NO;
				DEBUG_INFORMATION_FORMAT = "dwarf-with-dsym";
				ENABLE_NS_ASSERTIONS = NO;
				ENABLE_STRICT_OBJC_MSGSEND = YES;
				ENABLE_USER_SCRIPT_SANDBOXING = YES;
				GCC_C_LANGUAGE_STANDARD = gnu17;
				GCC_NO_COMMON_BLOCKS = YES;
				GCC_WARN_64_TO_32_BIT_CONVERSION = YES;
				GCC_WARN_ABOUT_RETURN_TYPE = YES_ERROR;
				GCC_WARN_UNDECLARED_SELECTOR = YES;
				GCC_WARN_UNINITIALIZED_AUTOS = YES_AGGRESSIVE;
				GCC_WARN_UNUSED_FUNCTION = YES;
				GCC_WARN_UNUSED_VARIABLE = YES;
				LOCALIZATION_PREFERS_STRING_CATALOGS = YES;
				MTL_ENABLE_DEBUG_INFO = NO;
				MTL_FAST_MATH = YES;
				SWIFT_COMPILATION_MODE = wholemodule;
			};
			name = Release;
		};
		DE42FF612E6BFF7E006FB3A5 /* Debug */ = {
			isa = XCBuildConfiguration;
			buildSettings = {
				ASSETCATALOG_COMPILER_APPICON_NAME = AppIcon;
				ASSETCATALOG_COMPILER_GLOBAL_ACCENT_COLOR_NAME = AccentColor;
				CODE_SIGN_ENTITLEMENTS = Boardy/Boardy.entitlements;
				CODE_SIGN_STYLE = Automatic;
				CURRENT_PROJECT_VERSION = 1;
				ENABLE_PREVIEWS = YES;
				GENERATE_INFOPLIST_FILE = YES;
				"INFOPLIST_KEY_UIApplicationSceneManifest_Generation[sdk=iphoneos*]" = YES;
				"INFOPLIST_KEY_UIApplicationSceneManifest_Generation[sdk=iphonesimulator*]" = YES;
				"INFOPLIST_KEY_UIApplicationSupportsIndirectInputEvents[sdk=iphoneos*]" = YES;
				"INFOPLIST_KEY_UIApplicationSupportsIndirectInputEvents[sdk=iphonesimulator*]" = YES;
				"INFOPLIST_KEY_UILaunchScreen_Generation[sdk=iphoneos*]" = YES;
				"INFOPLIST_KEY_UILaunchScreen_Generation[sdk=iphonesimulator*]" = YES;
				"INFOPLIST_KEY_UIStatusBarStyle[sdk=iphoneos*]" = UIStatusBarStyleDefault;
				"INFOPLIST_KEY_UIStatusBarStyle[sdk=iphonesimulator*]" = UIStatusBarStyleDefault;
				INFOPLIST_KEY_UISupportedInterfaceOrientations_iPad = "UIInterfaceOrientationPortrait UIInterfaceOrientationPortraitUpsideDown UIInterfaceOrientationLandscapeLeft UIInterfaceOrientationLandscapeRight";
				INFOPLIST_KEY_UISupportedInterfaceOrientations_iPhone = "UIInterfaceOrientationPortrait UIInterfaceOrientationLandscapeLeft UIInterfaceOrientationLandscapeRight";
				IPHONEOS_DEPLOYMENT_TARGET = 18.5;
				LD_RUNPATH_SEARCH_PATHS = "@executable_path/Frameworks";
				"LD_RUNPATH_SEARCH_PATHS[sdk=macosx*]" = "@executable_path/../Frameworks";
				MACOSX_DEPLOYMENT_TARGET = 15.5;
				MARKETING_VERSION = 1.0;
				PRODUCT_BUNDLE_IDENTIFIER = com.fromnowwon.Boardy;
				PRODUCT_NAME = "$(TARGET_NAME)";
				REGISTER_APP_GROUPS = YES;
				SDKROOT = auto;
				SUPPORTED_PLATFORMS = "iphoneos iphonesimulator macosx xros xrsimulator";
				SWIFT_EMIT_LOC_STRINGS = YES;
				SWIFT_VERSION = 5.0;
				TARGETED_DEVICE_FAMILY = "1,2,7";
				XROS_DEPLOYMENT_TARGET = 2.5;
			};
			name = Debug;
		};
		DE42FF622E6BFF7E006FB3A5 /* Release */ = {
			isa = XCBuildConfiguration;
			buildSettings = {
				ASSETCATALOG_COMPILER_APPICON_NAME = AppIcon;
				ASSETCATALOG_COMPILER_GLOBAL_ACCENT_COLOR_NAME = AccentColor;
				CODE_SIGN_ENTITLEMENTS = Boardy/Boardy.entitlements;
				CODE_SIGN_STYLE = Automatic;
				CURRENT_PROJECT_VERSION = 1;
				ENABLE_PREVIEWS = YES;
				GENERATE_INFOPLIST_FILE = YES;
				"INFOPLIST_KEY_UIApplicationSceneManifest_Generation[sdk=iphoneos*]" = YES;
				"INFOPLIST_KEY_UIApplicationSceneManifest_Generation[sdk=iphonesimulator*]" = YES;
				"INFOPLIST_KEY_UIApplicationSupportsIndirectInputEvents[sdk=iphoneos*]" = YES;
				"INFOPLIST_KEY_UIApplicationSupportsIndirectInputEvents[sdk=iphonesimulator*]" = YES;
				"INFOPLIST_KEY_UILaunchScreen_Generation[sdk=iphoneos*]" = YES;
				"INFOPLIST_KEY_UILaunchScreen_Generation[sdk=iphonesimulator*]" = YES;
				"INFOPLIST_KEY_UIStatusBarStyle[sdk=iphoneos*]" = UIStatusBarStyleDefault;
				"INFOPLIST_KEY_UIStatusBarStyle[sdk=iphonesimulator*]" = UIStatusBarStyleDefault;
				INFOPLIST_KEY_UISupportedInterfaceOrientations_iPad = "UIInterfaceOrientationPortrait UIInterfaceOrientationPortraitUpsideDown UIInterfaceOrientationLandscapeLeft UIInterfaceOrientationLandscapeRight";
				INFOPLIST_KEY_UISupportedInterfaceOrientations_iPhone = "UIInterfaceOrientationPortrait UIInterfaceOrientationLandscapeLeft UIInterfaceOrientationLandscapeRight";
				IPHONEOS_DEPLOYMENT_TARGET = 18.5;
				LD_RUNPATH_SEARCH_PATHS = "@executable_path/Frameworks";
				"LD_RUNPATH_SEARCH_PATHS[sdk=macosx*]" = "@executable_path/../Frameworks";
				MACOSX_DEPLOYMENT_TARGET = 15.5;
				MARKETING_VERSION = 1.0;
				PRODUCT_BUNDLE_IDENTIFIER = com.fromnowwon.Boardy;
				PRODUCT_NAME = "$(TARGET_NAME)";
				REGISTER_APP_GROUPS = YES;
				SDKROOT = auto;
				SUPPORTED_PLATFORMS = "iphoneos iphonesimulator macosx xros xrsimulator";
				SWIFT_EMIT_LOC_STRINGS = YES;
				SWIFT_VERSION = 5.0;
				TARGETED_DEVICE_FAMILY = "1,2,7";
				XROS_DEPLOYMENT_TARGET = 2.5;
			};
			name = Release;
		};
		DE42FF642E6BFF7E006FB3A5 /* Debug */ = {
			isa = XCBuildConfiguration;
			buildSettings = {
				BUNDLE_LOADER = "$(TEST_HOST)";
				CODE_SIGN_STYLE = Automatic;
				CURRENT_PROJECT_VERSION = 1;
				GENERATE_INFOPLIST_FILE = YES;
				IPHONEOS_DEPLOYMENT_TARGET = 18.5;
				MACOSX_DEPLOYMENT_TARGET = 15.5;
				MARKETING_VERSION = 1.0;
				PRODUCT_BUNDLE_IDENTIFIER = com.fromnowwon.BoardyTests;
				PRODUCT_NAME = "$(TARGET_NAME)";
				SDKROOT = auto;
				SUPPORTED_PLATFORMS = "iphoneos iphonesimulator macosx xros xrsimulator";
				SWIFT_EMIT_LOC_STRINGS = NO;
				SWIFT_VERSION = 5.0;
				TARGETED_DEVICE_FAMILY = "1,2,7";
				TEST_HOST = "$(BUILT_PRODUCTS_DIR)/Boardy.app/$(BUNDLE_EXECUTABLE_FOLDER_PATH)/Boardy";
				XROS_DEPLOYMENT_TARGET = 2.5;
			};
			name = Debug;
		};
		DE42FF652E6BFF7E006FB3A5 /* Release */ = {
			isa = XCBuildConfiguration;
			buildSettings = {
				BUNDLE_LOADER = "$(TEST_HOST)";
				CODE_SIGN_STYLE = Automatic;
				CURRENT_PROJECT_VERSION = 1;
				GENERATE_INFOPLIST_FILE = YES;
				IPHONEOS_DEPLOYMENT_TARGET = 18.5;
				MACOSX_DEPLOYMENT_TARGET = 15.5;
				MARKETING_VERSION = 1.0;
				PRODUCT_BUNDLE_IDENTIFIER = com.fromnowwon.BoardyTests;
				PRODUCT_NAME = "$(TARGET_NAME)";
				SDKROOT = auto;
				SUPPORTED_PLATFORMS = "iphoneos iphonesimulator macosx xros xrsimulator";
				SWIFT_EMIT_LOC_STRINGS = NO;
				SWIFT_VERSION = 5.0;
				TARGETED_DEVICE_FAMILY = "1,2,7";
				TEST_HOST = "$(BUILT_PRODUCTS_DIR)/Boardy.app/$(BUNDLE_EXECUTABLE_FOLDER_PATH)/Boardy";
				XROS_DEPLOYMENT_TARGET = 2.5;
			};
			name = Release;
		};
		DE42FF672E6BFF7E006FB3A5 /* Debug */ = {
			isa = XCBuildConfiguration;
			buildSettings = {
				CODE_SIGN_STYLE = Automatic;
				CURRENT_PROJECT_VERSION = 1;
				GENERATE_INFOPLIST_FILE = YES;
				IPHONEOS_DEPLOYMENT_TARGET = 18.5;
				MACOSX_DEPLOYMENT_TARGET = 15.5;
				MARKETING_VERSION = 1.0;
				PRODUCT_BUNDLE_IDENTIFIER = com.fromnowwon.BoardyUITests;
				PRODUCT_NAME = "$(TARGET_NAME)";
				SDKROOT = auto;
				SUPPORTED_PLATFORMS = "iphoneos iphonesimulator macosx xros xrsimulator";
				SWIFT_EMIT_LOC_STRINGS = NO;
				SWIFT_VERSION = 5.0;
				TARGETED_DEVICE_FAMILY = "1,2,7";
				TEST_TARGET_NAME = Boardy;
				XROS_DEPLOYMENT_TARGET = 2.5;
			};
			name = Debug;
		};
		DE42FF682E6BFF7E006FB3A5 /* Release */ = {
			isa = XCBuildConfiguration;
			buildSettings = {
				CODE_SIGN_STYLE = Automatic;
				CURRENT_PROJECT_VERSION = 1;
				GENERATE_INFOPLIST_FILE = YES;
				IPHONEOS_DEPLOYMENT_TARGET = 18.5;
				MACOSX_DEPLOYMENT_TARGET = 15.5;
				MARKETING_VERSION = 1.0;
				PRODUCT_BUNDLE_IDENTIFIER = com.fromnowwon.BoardyUITests;
				PRODUCT_NAME = "$(TARGET_NAME)";
				SDKROOT = auto;
				SUPPORTED_PLATFORMS = "iphoneos iphonesimulator macosx xros xrsimulator";
				SWIFT_EMIT_LOC_STRINGS = NO;
				SWIFT_VERSION = 5.0;
				TARGETED_DEVICE_FAMILY = "1,2,7";
				TEST_TARGET_NAME = Boardy;
				XROS_DEPLOYMENT_TARGET = 2.5;
			};
			name = Release;
		};
/* End XCBuildConfiguration section */

/* Begin XCConfigurationList section */
		DE42FF392E6BFF7D006FB3A5 /* Build configuration list for PBXProject "Boardy" */ = {
			isa = XCConfigurationList;
			buildConfigurations = (
				DE42FF5E2E6BFF7E006FB3A5 /* Debug */,
				DE42FF5F2E6BFF7E006FB3A5 /* Release */,
			);
			defaultConfigurationIsVisible = 0;
			defaultConfigurationName = Release;
		};
		DE42FF602E6BFF7E006FB3A5 /* Build configuration list for PBXNativeTarget "Boardy" */ = {
			isa = XCConfigurationList;
			buildConfigurations = (
				DE42FF612E6BFF7E006FB3A5 /* Debug */,
				DE42FF622E6BFF7E006FB3A5 /* Release */,
			);
			defaultConfigurationIsVisible = 0;
			defaultConfigurationName = Release;
		};
		DE42FF632E6BFF7E006FB3A5 /* Build configuration list for PBXNativeTarget "BoardyTests" */ = {
			isa = XCConfigurationList;
			buildConfigurations = (
				DE42FF642E6BFF7E006FB3A5 /* Debug */,
				DE42FF652E6BFF7E006FB3A5 /* Release */,
			);
			defaultConfigurationIsVisible = 0;
			defaultConfigurationName = Release;
		};
		DE42FF662E6BFF7E006FB3A5 /* Build configuration list for PBXNativeTarget "BoardyUITests" */ = {
			isa = XCConfigurationList;
			buildConfigurations = (
				DE42FF672E6BFF7E006FB3A5 /* Debug */,
				DE42FF682E6BFF7E006FB3A5 /* Release */,
			);
			defaultConfigurationIsVisible = 0;
			defaultConfigurationName = Release;
		};
/* End XCConfigurationList section */
	};
	rootObject = DE42FF362E6BFF7D006FB3A5 /* Project object */;
}
